
Microsoft Visual Studio Solution File, Format Version 12.00
# Visual Studio Version 17
VisualStudioVersion = 17.6.33815.320
MinimumVisualStudioVersion = 10.0.40219.1
Project("{FAE04EC0-301F-11D3-BF4B-00C04F79EFBC}") = "AuthenticationModule", "AuthenticationModule.csproj", "{7D4FCFC2-6B8F-4303-9DD4-3857E0A7C2DF}"
EndProject
Global
	GlobalSection(SolutionConfigurationPlatforms) = preSolution
		Debug|Any CPU = Debug|Any CPU
		Release|Any CPU = Release|Any CPU
	EndGlobalSection
	GlobalSection(ProjectConfigurationPlatforms) = postSolution
		{7D4FCFC2-6B8F-4303-9DD4-3857E0A7C2DF}.Debug|Any CPU.ActiveCfg = Debug|Any CPU
		{7D4FCFC2-6B8F-4303-9DD4-3857E0A7C2DF}.Debug|Any CPU.Build.0 = Debug|Any CPU
		{7D4FCFC2-6B8F-4303-9DD4-3857E0A7C2DF}.Release|Any CPU.ActiveCfg = Release|Any CPU
		{7D4FCFC2-6B8F-4303-9DD4-3857E0A7C2DF}.Release|Any CPU.Build.0 = Release|Any CPU
	EndGlobalSection
	GlobalSection(SolutionProperties) = preSolution
		HideSolutionNode = FALSE
	EndGlobalSection
	GlobalSection(ExtensibilityGlobals) = postSolution
		SolutionGuid = {64372300-0457-41E4-8703-E59DF6068E4F}
	EndGlobalSection
EndGlobal
